
Microsoft Visual Studio Solution File, Format Version 12.00
# Visual Studio Version 18
VisualStudioVersion = 18.7.11911.148 stable
MinimumVisualStudioVersion = 10.0.40219.1
Project("{FAE04EC0-301F-11D3-BF4B-00C04F79EFBC}") = "Sharptari.Lib", "Sharptari.Lib\Sharptari.Lib.csproj", "{2331982D-593E-4C9B-93EB-23AF43E7D7A2}"
EndProject
Project("{FAE04EC0-301F-11D3-BF4B-00C04F79EFBC}") = "Sharptari.CpuTest", "Sharptari.CpuTest\Sharptari.CpuTest.csproj", "{FD41B227-1C6E-4309-846F-7180A8450934}"
EndProject
Project("{FAE04EC0-301F-11D3-BF4B-00C04F79EFBC}") = "Sharptari.Gui", "Sharptari.Gui\Sharptari.Gui.csproj", "{8CAC43BA-D692-4D17-99C8-F242F2CAE5FC}"
EndProject
Global
	GlobalSection(SolutionConfigurationPlatforms) = preSolution
		Debug|Any CPU = Debug|Any CPU
		Release|Any CPU = Release|Any CPU
	EndGlobalSection
	GlobalSection(ProjectConfigurationPlatforms) = postSolution
		{2331982D-593E-4C9B-93EB-23AF43E7D7A2}.Debug|Any CPU.ActiveCfg = Debug|Any CPU
		{2331982D-593E-4C9B-93EB-23AF43E7D7A2}.Debug|Any CPU.Build.0 = Debug|Any CPU
		{2331982D-593E-4C9B-93EB-23AF43E7D7A2}.Release|Any CPU.ActiveCfg = Release|Any CPU
		{2331982D-593E-4C9B-93EB-23AF43E7D7A2}.Release|Any CPU.Build.0 = Release|Any CPU
		{FD41B227-1C6E-4309-846F-7180A8450934}.Debug|Any CPU.ActiveCfg = Debug|Any CPU
		{FD41B227-1C6E-4309-846F-7180A8450934}.Debug|Any CPU.Build.0 = Debug|Any CPU
		{FD41B227-1C6E-4309-846F-7180A8450934}.Release|Any CPU.ActiveCfg = Release|Any CPU
		{FD41B227-1C6E-4309-846F-7180A8450934}.Release|Any CPU.Build.0 = Release|Any CPU
		{8CAC43BA-D692-4D17-99C8-F242F2CAE5FC}.Debug|Any CPU.ActiveCfg = Debug|Any CPU
		{8CAC43BA-D692-4D17-99C8-F242F2CAE5FC}.Debug|Any CPU.Build.0 = Debug|Any CPU
		{8CAC43BA-D692-4D17-99C8-F242F2CAE5FC}.Release|Any CPU.ActiveCfg = Release|Any CPU
		{8CAC43BA-D692-4D17-99C8-F242F2CAE5FC}.Release|Any CPU.Build.0 = Release|Any CPU
	EndGlobalSection
	GlobalSection(SolutionProperties) = preSolution
		HideSolutionNode = FALSE
	EndGlobalSection
	GlobalSection(ExtensibilityGlobals) = postSolution
		SolutionGuid = {F8C70378-BCB6-44F7-B301-83203EC73651}
	EndGlobalSection
EndGlobal
